
Microsoft Visual Studio Solution File, Format Version 12.00
# Visual Studio Version 17
VisualStudioVersion = 17.6.33829.357
MinimumVisualStudioVersion = 10.0.40219.1
Project("{2150E333-8FDC-42A3-9474-1A3956D46DE8}") = "src", "src", "{2A7A1CF5-D2DB-4E96-9F09-4C67F519D832}"
EndProject
Project("{9A19103F-16F7-4668-BE54-9A1E7A4F7556}") = "Hsu.Daemon", "src\Hsu.Daemon\Hsu.Daemon.csproj", "{8AE256AD-246F-404B-8C84-4E6276301BB1}"
EndProject
Project("{2150E333-8FDC-42A3-9474-1A3956D46DE8}") = "sample", "sample", "{1ABAA89E-242E-47EF-B735-1410AAE6033A}"
EndProject
Project("{9A19103F-16F7-4668-BE54-9A1E7A4F7556}") = "WindowsServiceSample", "sample\WindowsServiceSample\WindowsServiceSample.csproj", "{1C982759-83BE-494F-AE32-CF869E17A44E}"
EndProject
Project("{9A19103F-16F7-4668-BE54-9A1E7A4F7556}") = "WorkerServiceSample", "sample\WorkerServiceSample\WorkerServiceSample.csproj", "{0F0ABDD1-C510-4745-8EB1-278F7432B0EF}"
EndProject
Project("{9A19103F-16F7-4668-BE54-9A1E7A4F7556}") = "Hsu.Daemon.Hosting", "src\Hsu.Daemon.Hosting\Hsu.Daemon.Hosting.csproj", "{ACAEC3B9-6F54-4DAF-B091-DE50D0C2CC84}"
EndProject
Project("{9A19103F-16F7-4668-BE54-9A1E7A4F7556}") = "NukeBuild", "nuke\NukeBuild.csproj", "{E43FEF6C-3653-4E62-85D7-D059DAC49D41}"
EndProject
Project("{2150E333-8FDC-42A3-9474-1A3956D46DE8}") = "nuke", "nuke", "{FFB768A9-47A8-4B2F-8506-BE56FE45BCD3}"
EndProject
Project("{FAE04EC0-301F-11D3-BF4B-00C04F79EFBC}") = "Hsu.Daemon.Template", "src\Hsu.Daemon.Template\Hsu.Daemon.Template.csproj", "{1C2EB9DF-0AA9-4957-A34B-978E8ADC581D}"
EndProject
Project("{FAE04EC0-301F-11D3-BF4B-00C04F79EFBC}") = "Hsu.Daemon.Hosting.Legacy", "src\Hsu.Daemon.Hosting.Legacy\Hsu.Daemon.Hosting.Legacy.csproj", "{F2ABE2A1-E2FC-4299-A6E1-657EB47F81FE}"
EndProject
Project("{FAE04EC0-301F-11D3-BF4B-00C04F79EFBC}") = "Hsu.Daemon.Hosting.Legacy.Web", "src\Hsu.Daemon.Hosting.Legacy.Web\Hsu.Daemon.Hosting.Legacy.Web.csproj", "{0A5FDF0B-0574-44E0-9C7D-342876E79AF9}"
EndProject
Project("{D954291E-2A0B-460D-934E-DC6B0785DB48}") = "Hsu.Daemon.Hosting.Shared", "src\Hsu.Daemon.Hosting.Shared\Hsu.Daemon.Hosting.Shared.shproj", "{E342C211-8A52-4F62-8F26-ECD3E241E74D}"
EndProject
Project("{FAE04EC0-301F-11D3-BF4B-00C04F79EFBC}") = "Hsu.Daemon.Hosting.Web", "src\Hsu.Daemon.Hosting.Web\Hsu.Daemon.Hosting.Web.csproj", "{C1E6A7FC-977A-4429-8908-B7A7C4AEB3BA}"
EndProject
Global
	GlobalSection(SolutionConfigurationPlatforms) = preSolution
		Debug|Any CPU = Debug|Any CPU
		Release|Any CPU = Release|Any CPU
	EndGlobalSection
	GlobalSection(ProjectConfigurationPlatforms) = postSolution
		{8AE256AD-246F-404B-8C84-4E6276301BB1}.Debug|Any CPU.ActiveCfg = Debug|Any CPU
		{8AE256AD-246F-404B-8C84-4E6276301BB1}.Debug|Any CPU.Build.0 = Debug|Any CPU
		{8AE256AD-246F-404B-8C84-4E6276301BB1}.Release|Any CPU.ActiveCfg = Release|Any CPU
		{8AE256AD-246F-404B-8C84-4E6276301BB1}.Release|Any CPU.Build.0 = Release|Any CPU
		{1C982759-83BE-494F-AE32-CF869E17A44E}.Debug|Any CPU.ActiveCfg = Debug|Any CPU
		{1C982759-83BE-494F-AE32-CF869E17A44E}.Debug|Any CPU.Build.0 = Debug|Any CPU
		{1C982759-83BE-494F-AE32-CF869E17A44E}.Release|Any CPU.ActiveCfg = Release|Any CPU
		{1C982759-83BE-494F-AE32-CF869E17A44E}.Release|Any CPU.Build.0 = Release|Any CPU
		{0F0ABDD1-C510-4745-8EB1-278F7432B0EF}.Debug|Any CPU.ActiveCfg = Debug|Any CPU
		{0F0ABDD1-C510-4745-8EB1-278F7432B0EF}.Debug|Any CPU.Build.0 = Debug|Any CPU
		{0F0ABDD1-C510-4745-8EB1-278F7432B0EF}.Release|Any CPU.ActiveCfg = Release|Any CPU
		{0F0ABDD1-C510-4745-8EB1-278F7432B0EF}.Release|Any CPU.Build.0 = Release|Any CPU
		{ACAEC3B9-6F54-4DAF-B091-DE50D0C2CC84}.Debug|Any CPU.ActiveCfg = Debug|Any CPU
		{ACAEC3B9-6F54-4DAF-B091-DE50D0C2CC84}.Debug|Any CPU.Build.0 = Debug|Any CPU
		{ACAEC3B9-6F54-4DAF-B091-DE50D0C2CC84}.Release|Any CPU.ActiveCfg = Release|Any CPU
		{ACAEC3B9-6F54-4DAF-B091-DE50D0C2CC84}.Release|Any CPU.Build.0 = Release|Any CPU
		{E43FEF6C-3653-4E62-85D7-D059DAC49D41}.Debug|Any CPU.ActiveCfg = Debug|Any CPU
		{E43FEF6C-3653-4E62-85D7-D059DAC49D41}.Release|Any CPU.ActiveCfg = Release|Any CPU
		{1C2EB9DF-0AA9-4957-A34B-978E8ADC581D}.Debug|Any CPU.ActiveCfg = Debug|Any CPU
		{1C2EB9DF-0AA9-4957-A34B-978E8ADC581D}.Debug|Any CPU.Build.0 = Debug|Any CPU
		{1C2EB9DF-0AA9-4957-A34B-978E8ADC581D}.Release|Any CPU.ActiveCfg = Release|Any CPU
		{1C2EB9DF-0AA9-4957-A34B-978E8ADC581D}.Release|Any CPU.Build.0 = Release|Any CPU
		{F2ABE2A1-E2FC-4299-A6E1-657EB47F81FE}.Debug|Any CPU.ActiveCfg = Debug|Any CPU
		{F2ABE2A1-E2FC-4299-A6E1-657EB47F81FE}.Debug|Any CPU.Build.0 = Debug|Any CPU
		{F2ABE2A1-E2FC-4299-A6E1-657EB47F81FE}.Release|Any CPU.ActiveCfg = Release|Any CPU
		{F2ABE2A1-E2FC-4299-A6E1-657EB47F81FE}.Release|Any CPU.Build.0 = Release|Any CPU
		{0A5FDF0B-0574-44E0-9C7D-342876E79AF9}.Debug|Any CPU.ActiveCfg = Debug|Any CPU
		{0A5FDF0B-0574-44E0-9C7D-342876E79AF9}.Debug|Any CPU.Build.0 = Debug|Any CPU
		{0A5FDF0B-0574-44E0-9C7D-342876E79AF9}.Release|Any CPU.ActiveCfg = Release|Any CPU
		{0A5FDF0B-0574-44E0-9C7D-342876E79AF9}.Release|Any CPU.Build.0 = Release|Any CPU
		{C1E6A7FC-977A-4429-8908-B7A7C4AEB3BA}.Debug|Any CPU.ActiveCfg = Debug|Any CPU
		{C1E6A7FC-977A-4429-8908-B7A7C4AEB3BA}.Debug|Any CPU.Build.0 = Debug|Any CPU
		{C1E6A7FC-977A-4429-8908-B7A7C4AEB3BA}.Release|Any CPU.ActiveCfg = Release|Any CPU
		{C1E6A7FC-977A-4429-8908-B7A7C4AEB3BA}.Release|Any CPU.Build.0 = Release|Any CPU
	EndGlobalSection
	GlobalSection(SolutionProperties) = preSolution
		HideSolutionNode = FALSE
	EndGlobalSection
	GlobalSection(NestedProjects) = preSolution
		{8AE256AD-246F-404B-8C84-4E6276301BB1} = {2A7A1CF5-D2DB-4E96-9F09-4C67F519D832}
		{1C982759-83BE-494F-AE32-CF869E17A44E} = {1ABAA89E-242E-47EF-B735-1410AAE6033A}
		{0F0ABDD1-C510-4745-8EB1-278F7432B0EF} = {1ABAA89E-242E-47EF-B735-1410AAE6033A}
		{ACAEC3B9-6F54-4DAF-B091-DE50D0C2CC84} = {2A7A1CF5-D2DB-4E96-9F09-4C67F519D832}
		{E43FEF6C-3653-4E62-85D7-D059DAC49D41} = {FFB768A9-47A8-4B2F-8506-BE56FE45BCD3}
		{1C2EB9DF-0AA9-4957-A34B-978E8ADC581D} = {2A7A1CF5-D2DB-4E96-9F09-4C67F519D832}
		{F2ABE2A1-E2FC-4299-A6E1-657EB47F81FE} = {2A7A1CF5-D2DB-4E96-9F09-4C67F519D832}
		{0A5FDF0B-0574-44E0-9C7D-342876E79AF9} = {2A7A1CF5-D2DB-4E96-9F09-4C67F519D832}
		{E342C211-8A52-4F62-8F26-ECD3E241E74D} = {2A7A1CF5-D2DB-4E96-9F09-4C67F519D832}
		{C1E6A7FC-977A-4429-8908-B7A7C4AEB3BA} = {2A7A1CF5-D2DB-4E96-9F09-4C67F519D832}
	EndGlobalSection
	GlobalSection(ExtensibilityGlobals) = postSolution
		SolutionGuid = {34A5513C-6E1D-4F4C-88BC-81517820D4C7}
	EndGlobalSection
EndGlobal
